// !$*UTF8*$!
{
	archiveVersion = 1;
	classes = {
	};
	objectVersion = 56;
	objects = {

/* Begin PBXBuildFile section */
		7E61758C2B2855B40025B624 /* TodolistApp.swift in Sources */ = {isa = PBXBuildFile; fileRef = 7E61758B2B2855B40025B624 /* TodolistApp.swift */; };
		7E61758E2B2855B40025B624 /* ContentView.swift in Sources */ = {isa = PBXBuildFile; fileRef = 7E61758D2B2855B40025B624 /* ContentView.swift */; };
		7E6175902B2855B60025B624 /* Assets.xcassets in Resources */ = {isa = PBXBuildFile; fileRef = 7E61758F2B2855B60025B624 /* Assets.xcassets */; };
		7E6175932B2855B60025B624 /* Preview Assets.xcassets in Resources */ = {isa = PBXBuildFile; fileRef = 7E6175922B2855B60025B624 /* Preview Assets.xcassets */; };
		7E61759A2B28563E0025B624 /* TodolistData.swift in Sources */ = {isa = PBXBuildFile; fileRef = 7E6175992B28563E0025B624 /* TodolistData.swift */; };
		7E61759C2B2861380025B624 /* GoogleService-Info.plist in Resources */ = {isa = PBXBuildFile; fileRef = 7E61759B2B2861370025B624 /* GoogleService-Info.plist */; };
		7E61759F2B2868220025B624 /* FirebaseAuth in Frameworks */ = {isa = PBXBuildFile; productRef = 7E61759E2B2868220025B624 /* FirebaseAuth */; };
		7E6175A12B2868220025B624 /* FirebaseAuthCombine-Community in Frameworks */ = {isa = PBXBuildFile; productRef = 7E6175A02B2868220025B624 /* FirebaseAuthCombine-Community */; };
		7E6175A32B2868220025B624 /* FirebaseFirestore in Frameworks */ = {isa = PBXBuildFile; productRef = 7E6175A22B2868220025B624 /* FirebaseFirestore */; };
		7E6175A52B2868220025B624 /* FirebaseFirestoreCombine-Community in Frameworks */ = {isa = PBXBuildFile; productRef = 7E6175A42B2868220025B624 /* FirebaseFirestoreCombine-Community */; };
		7E6175A72B2868220025B624 /* FirebaseFirestoreSwift in Frameworks */ = {isa = PBXBuildFile; productRef = 7E6175A62B2868220025B624 /* FirebaseFirestoreSwift */; };
		7E6175AA2B28A7280025B624 /* SignUpScreen.swift in Sources */ = {isa = PBXBuildFile; fileRef = 7E6175A92B28A7280025B624 /* SignUpScreen.swift */; };
		7E6175AC2B28A74B0025B624 /* SignInScreen.swift in Sources */ = {isa = PBXBuildFile; fileRef = 7E6175AB2B28A74B0025B624 /* SignInScreen.swift */; };
		7E6175AE2B28A7670025B624 /* TodoListScreen.swift in Sources */ = {isa = PBXBuildFile; fileRef = 7E6175AD2B28A7670025B624 /* TodoListScreen.swift */; };
		7E6175B12B28A78C0025B624 /* AuthViewModel.swift in Sources */ = {isa = PBXBuildFile; fileRef = 7E6175B02B28A78C0025B624 /* AuthViewModel.swift */; };
		7E6175B32B28A7970025B624 /* TodoListViewModel.swift in Sources */ = {isa = PBXBuildFile; fileRef = 7E6175B22B28A7970025B624 /* TodoListViewModel.swift */; };
		7E6175B62B28A94E0025B624 /* AlertToast in Frameworks */ = {isa = PBXBuildFile; productRef = 7E6175B52B28A94E0025B624 /* AlertToast */; };
/* End PBXBuildFile section */

/* Begin PBXFileReference section */
		7E6175882B2855B40025B624 /* Todolist.app */ = {isa = PBXFileReference; explicitFileType = wrapper.application; includeInIndex = 0; path = Todolist.app; sourceTree = BUILT_PRODUCTS_DIR; };
		7E61758B2B2855B40025B624 /* TodolistApp.swift */ = {isa = PBXFileReference; lastKnownFileType = sourcecode.swift; path = TodolistApp.swift; sourceTree = "<group>"; };
		7E61758D2B2855B40025B624 /* ContentView.swift */ = {isa = PBXFileReference; lastKnownFileType = sourcecode.swift; path = ContentView.swift; sourceTree = "<group>"; };
		7E61758F2B2855B60025B624 /* Assets.xcassets */ = {isa = PBXFileReference; lastKnownFileType = folder.assetcatalog; path = Assets.xcassets; sourceTree = "<group>"; };
		7E6175922B2855B60025B624 /* Preview Assets.xcassets */ = {isa = PBXFileReference; lastKnownFileType = folder.assetcatalog; path = "Preview Assets.xcassets"; sourceTree = "<group>"; };
		7E6175992B28563E0025B624 /* TodolistData.swift */ = {isa = PBXFileReference; lastKnownFileType = sourcecode.swift; path = TodolistData.swift; sourceTree = "<group>"; };
		7E61759B2B2861370025B624 /* GoogleService-Info.plist */ = {isa = PBXFileReference; fileEncoding = 4; lastKnownFileType = text.plist.xml; name = "GoogleService-Info.plist"; path = "../../../../Downloads/GoogleService-Info.plist"; sourceTree = "<group>"; };
		7E6175A92B28A7280025B624 /* SignUpScreen.swift */ = {isa = PBXFileReference; lastKnownFileType = sourcecode.swift; path = SignUpScreen.swift; sourceTree = "<group>"; };
		7E6175AB2B28A74B0025B624 /* SignInScreen.swift */ = {isa = PBXFileReference; lastKnownFileType = sourcecode.swift; path = SignInScreen.swift; sourceTree = "<group>"; };
		7E6175AD2B28A7670025B624 /* TodoListScreen.swift */ = {isa = PBXFileReference; lastKnownFileType = sourcecode.swift; path = TodoListScreen.swift; sourceTree = "<group>"; };
		7E6175B02B28A78C0025B624 /* AuthViewModel.swift */ = {isa = PBXFileReference; lastKnownFileType = sourcecode.swift; path = AuthViewModel.swift; sourceTree = "<group>"; };
		7E6175B22B28A7970025B624 /* TodoListViewModel.swift */ = {isa = PBXFileReference; lastKnownFileType = sourcecode.swift; path = TodoListViewModel.swift; sourceTree = "<group>"; };
/* End PBXFileReference section */

/* Begin PBXFrameworksBuildPhase section */
		7E6175852B2855B40025B624 /* Frameworks */ = {
			isa = PBXFrameworksBuildPhase;
			buildActionMask = 2147483647;
			files = (
				7E6175A72B2868220025B624 /* FirebaseFirestoreSwift in Frameworks */,
				7E61759F2B2868220025B624 /* FirebaseAuth in Frameworks */,
				7E6175A52B2868220025B624 /* FirebaseFirestoreCombine-Community in Frameworks */,
				7E6175B62B28A94E0025B624 /* AlertToast in Frameworks */,
				7E6175A12B2868220025B624 /* FirebaseAuthCombine-Community in Frameworks */,
				7E6175A32B2868220025B624 /* FirebaseFirestore in Frameworks */,
			);
			runOnlyForDeploymentPostprocessing = 0;
		};
/* End PBXFrameworksBuildPhase section */

/* Begin PBXGroup section */
		7E61757F2B2855B40025B624 = {
			isa = PBXGroup;
			children = (
				7E61758A2B2855B40025B624 /* Todolist */,
				7E6175892B2855B40025B624 /* Products */,
			);
			sourceTree = "<group>";
		};
		7E6175892B2855B40025B624 /* Products */ = {
			isa = PBXGroup;
			children = (
				7E6175882B2855B40025B624 /* Todolist.app */,
			);
			name = Products;
			sourceTree = "<group>";
		};
		7E61758A2B2855B40025B624 /* Todolist */ = {
			isa = PBXGroup;
			children = (
				7E6175AF2B28A77C0025B624 /* ViewModel */,
				7E6175A82B28A7140025B624 /* Screen */,
				7E61759B2B2861370025B624 /* GoogleService-Info.plist */,
				7E61758B2B2855B40025B624 /* TodolistApp.swift */,
				7E61758D2B2855B40025B624 /* ContentView.swift */,
				7E61758F2B2855B60025B624 /* Assets.xcassets */,
				7E6175912B2855B60025B624 /* Preview Content */,
				7E6175992B28563E0025B624 /* TodolistData.swift */,
			);
			path = Todolist;
			sourceTree = "<group>";
		};
		7E6175912B2855B60025B624 /* Preview Content */ = {
			isa = PBXGroup;
			children = (
				7E6175922B2855B60025B624 /* Preview Assets.xcassets */,
			);
			path = "Preview Content";
			sourceTree = "<group>";
		};
		7E6175A82B28A7140025B624 /* Screen */ = {
			isa = PBXGroup;
			children = (
				7E6175A92B28A7280025B624 /* SignUpScreen.swift */,
				7E6175AB2B28A74B0025B624 /* SignInScreen.swift */,
				7E6175AD2B28A7670025B624 /* TodoListScreen.swift */,
			);
			path = Screen;
			sourceTree = "<group>";
		};
		7E6175AF2B28A77C0025B624 /* ViewModel */ = {
			isa = PBXGroup;
			children = (
				7E6175B02B28A78C0025B624 /* AuthViewModel.swift */,
				7E6175B22B28A7970025B624 /* TodoListViewModel.swift */,
			);
			path = ViewModel;
			sourceTree = "<group>";
		};
/* End PBXGroup section */

/* Begin PBXNativeTarget section */
		7E6175872B2855B40025B624 /* Todolist */ = {
			isa = PBXNativeTarget;
			buildConfigurationList = 7E6175962B2855B60025B624 /* Build configuration list for PBXNativeTarget "Todolist" */;
			buildPhases = (
				7E6175842B2855B40025B624 /* Sources */,
				7E6175852B2855B40025B624 /* Frameworks */,
				7E6175862B2855B40025B624 /* Resources */,
			);
			buildRules = (
			);
			dependencies = (
			);
			name = Todolist;
			packageProductDependencies = (
				7E61759E2B2868220025B624 /* FirebaseAuth */,
				7E6175A02B2868220025B624 /* FirebaseAuthCombine-Community */,
				7E6175A22B2868220025B624 /* FirebaseFirestore */,
				7E6175A42B2868220025B624 /* FirebaseFirestoreCombine-Community */,
				7E6175A62B2868220025B624 /* FirebaseFirestoreSwift */,
				7E6175B52B28A94E0025B624 /* AlertToast */,
			);
			productName = Todolist;
			productReference = 7E6175882B2855B40025B624 /* Todolist.app */;
			productType = "com.apple.product-type.application";
		};
/* End PBXNativeTarget section */

/* Begin PBXProject section */
		7E6175802B2855B40025B624 /* Project object */ = {
			isa = PBXProject;
			attributes = {
				BuildIndependentTargetsInParallel = 1;
				LastSwiftUpdateCheck = 1430;
				LastUpgradeCheck = 1430;
				TargetAttributes = {
					7E6175872B2855B40025B624 = {
						CreatedOnToolsVersion = 14.3.1;
					};
				};
			};
			buildConfigurationList = 7E6175832B2855B40025B624 /* Build configuration list for PBXProject "Todolist" */;
			compatibilityVersion = "Xcode 14.0";
			developmentRegion = en;
			hasScannedForEncodings = 0;
			knownRegions = (
				en,
				Base,
			);
			mainGroup = 7E61757F2B2855B40025B624;
			packageReferences = (
				7E61759D2B2868220025B624 /* XCRemoteSwiftPackageReference "firebase-ios-sdk" */,
				7E6175B42B28A94E0025B624 /* XCRemoteSwiftPackageReference "AlertToast" */,
			);
			productRefGroup = 7E6175892B2855B40025B624 /* Products */;
			projectDirPath = "";
			projectRoot = "";
			targets = (
				7E6175872B2855B40025B624 /* Todolist */,
			);
		};
/* End PBXProject section */

/* Begin PBXResourcesBuildPhase section */
		7E6175862B2855B40025B624 /* Resources */ = {
			isa = PBXResourcesBuildPhase;
			buildActionMask = 2147483647;
			files = (
				7E6175932B2855B60025B624 /* Preview Assets.xcassets in Resources */,
				7E6175902B2855B60025B624 /* Assets.xcassets in Resources */,
				7E61759C2B2861380025B624 /* GoogleService-Info.plist in Resources */,
			);
			runOnlyForDeploymentPostprocessing = 0;
		};
/* End PBXResourcesBuildPhase section */

/* Begin PBXSourcesBuildPhase section */
		7E6175842B2855B40025B624 /* Sources */ = {
			isa = PBXSourcesBuildPhase;
			buildActionMask = 2147483647;
			files = (
				7E6175B32B28A7970025B624 /* TodoListViewModel.swift in Sources */,
				7E61759A2B28563E0025B624 /* TodolistData.swift in Sources */,
				7E6175AC2B28A74B0025B624 /* SignInScreen.swift in Sources */,
				7E61758E2B2855B40025B624 /* ContentView.swift in Sources */,
				7E6175B12B28A78C0025B624 /* AuthViewModel.swift in Sources */,
				7E6175AE2B28A7670025B624 /* TodoListScreen.swift in Sources */,
				7E61758C2B2855B40025B624 /* TodolistApp.swift in Sources */,
				7E6175AA2B28A7280025B624 /* SignUpScreen.swift in Sources */,
			);
			runOnlyForDeploymentPostprocessing = 0;
		};
/* End PBXSourcesBuildPhase section */

/* Begin XCBuildConfiguration section */
		7E6175942B2855B60025B624 /* Debug */ = {
			isa = XCBuildConfiguration;
			buildSettings = {
				ALWAYS_SEARCH_USER_PATHS = NO;
				CLANG_ANALYZER_NONNULL = YES;
				CLANG_ANALYZER_NUMBER_OBJECT_CONVERSION = YES_AGGRESSIVE;
				CLANG_CXX_LANGUAGE_STANDARD = "gnu++20";
				CLANG_ENABLE_MODULES = YES;
				CLANG_ENABLE_OBJC_ARC = YES;
				CLANG_ENABLE_OBJC_WEAK = YES;
				CLANG_WARN_BLOCK_CAPTURE_AUTORELEASING = YES;
				CLANG_WARN_BOOL_CONVERSION = YES;
				CLANG_WARN_COMMA = YES;
				CLANG_WARN_CONSTANT_CONVERSION = YES;
				CLANG_WARN_DEPRECATED_OBJC_IMPLEMENTATIONS = YES;
				CLANG_WARN_DIRECT_OBJC_ISA_USAGE = YES_ERROR;
				CLANG_WARN_DOCUMENTATION_COMMENTS = YES;
				CLANG_WARN_EMPTY_BODY = YES;
				CLANG_WARN_ENUM_CONVERSION = YES;
				CLANG_WARN_INFINITE_RECURSION = YES;
				CLANG_WARN_INT_CONVERSION = YES;
				CLANG_WARN_NON_LITERAL_NULL_CONVERSION = YES;
				CLANG_WARN_OBJC_IMPLICIT_RETAIN_SELF = YES;
				CLANG_WARN_OBJC_LITERAL_CONVERSION = YES;
				CLANG_WARN_OBJC_ROOT_CLASS = YES_ERROR;
				CLANG_WARN_QUOTED_INCLUDE_IN_FRAMEWORK_HEADER = YES;
				CLANG_WARN_RANGE_LOOP_ANALYSIS = YES;
				CLANG_WARN_STRICT_PROTOTYPES = YES;
				CLANG_WARN_SUSPICIOUS_MOVE = YES;
				CLANG_WARN_UNGUARDED_AVAILABILITY = YES_AGGRESSIVE;
				CLANG_WARN_UNREACHABLE_CODE = YES;
				CLANG_WARN__DUPLICATE_METHOD_MATCH = YES;
				COPY_PHASE_STRIP = NO;
				DEBUG_INFORMATION_FORMAT = dwarf;
				ENABLE_STRICT_OBJC_MSGSEND = YES;
				ENABLE_TESTABILITY = YES;
				GCC_C_LANGUAGE_STANDARD = gnu11;
				GCC_DYNAMIC_NO_PIC = NO;
				GCC_NO_COMMON_BLOCKS = YES;
				GCC_OPTIMIZATION_LEVEL = 0;
				GCC_PREPROCESSOR_DEFINITIONS = (
					"DEBUG=1",
					"$(inherited)",
				);
				GCC_WARN_64_TO_32_BIT_CONVERSION = YES;
				GCC_WARN_ABOUT_RETURN_TYPE = YES_ERROR;
				GCC_WARN_UNDECLARED_SELECTOR = YES;
				GCC_WARN_UNINITIALIZED_AUTOS = YES_AGGRESSIVE;
				GCC_WARN_UNUSED_FUNCTION = YES;
				GCC_WARN_UNUSED_VARIABLE = YES;
				IPHONEOS_DEPLOYMENT_TARGET = 16.4;
				MTL_ENABLE_DEBUG_INFO = INCLUDE_SOURCE;
				MTL_FAST_MATH = YES;
				ONLY_ACTIVE_ARCH = YES;
				SDKROOT = iphoneos;
				SWIFT_ACTIVE_COMPILATION_CONDITIONS = DEBUG;
				SWIFT_OPTIMIZATION_LEVEL = "-Onone";
			};
			name = Debug;
		};
		7E6175952B2855B60025B624 /* Release */ = {
			isa = XCBuildConfiguration;
			buildSettings = {
				ALWAYS_SEARCH_USER_PATHS = NO;
				CLANG_ANALYZER_NONNULL = YES;
				CLANG_ANALYZER_NUMBER_OBJECT_CONVERSION = YES_AGGRESSIVE;
				CLANG_CXX_LANGUAGE_STANDARD = "gnu++20";
				CLANG_ENABLE_MODULES = YES;
				CLANG_ENABLE_OBJC_ARC = YES;
				CLANG_ENABLE_OBJC_WEAK = YES;
				CLANG_WARN_BLOCK_CAPTURE_AUTORELEASING = YES;
				CLANG_WARN_BOOL_CONVERSION = YES;
				CLANG_WARN_COMMA = YES;
				CLANG_WARN_CONSTANT_CONVERSION = YES;
				CLANG_WARN_DEPRECATED_OBJC_IMPLEMENTATIONS = YES;
				CLANG_WARN_DIRECT_OBJC_ISA_USAGE = YES_ERROR;
				CLANG_WARN_DOCUMENTATION_COMMENTS = YES;
				CLANG_WARN_EMPTY_BODY = YES;
				CLANG_WARN_ENUM_CONVERSION = YES;
				CLANG_WARN_INFINITE_RECURSION = YES;
				CLANG_WARN_INT_CONVERSION = YES;
				CLANG_WARN_NON_LITERAL_NULL_CONVERSION = YES;
				CLANG_WARN_OBJC_IMPLICIT_RETAIN_SELF = YES;
				CLANG_WARN_OBJC_LITERAL_CONVERSION = YES;
				CLANG_WARN_OBJC_ROOT_CLASS = YES_ERROR;
				CLANG_WARN_QUOTED_INCLUDE_IN_FRAMEWORK_HEADER = YES;
				CLANG_WARN_RANGE_LOOP_ANALYSIS = YES;
				CLANG_WARN_STRICT_PROTOTYPES = YES;
				CLANG_WARN_SUSPICIOUS_MOVE = YES;
				CLANG_WARN_UNGUARDED_AVAILABILITY = YES_AGGRESSIVE;
				CLANG_WARN_UNREACHABLE_CODE = YES;
				CLANG_WARN__DUPLICATE_METHOD_MATCH = YES;
				COPY_PHASE_STRIP = NO;
				DEBUG_INFORMATION_FORMAT = "dwarf-with-dsym";
				ENABLE_NS_ASSERTIONS = NO;
				ENABLE_STRICT_OBJC_MSGSEND = YES;
				GCC_C_LANGUAGE_STANDARD = gnu11;
				GCC_NO_COMMON_BLOCKS = YES;
				GCC_WARN_64_TO_32_BIT_CONVERSION = YES;
				GCC_WARN_ABOUT_RETURN_TYPE = YES_ERROR;
				GCC_WARN_UNDECLARED_SELECTOR = YES;
				GCC_WARN_UNINITIALIZED_AUTOS = YES_AGGRESSIVE;
				GCC_WARN_UNUSED_FUNCTION = YES;
				GCC_WARN_UNUSED_VARIABLE = YES;
				IPHONEOS_DEPLOYMENT_TARGET = 16.4;
				MTL_ENABLE_DEBUG_INFO = NO;
				MTL_FAST_MATH = YES;
				SDKROOT = iphoneos;
				SWIFT_COMPILATION_MODE = wholemodule;
				SWIFT_OPTIMIZATION_LEVEL = "-O";
				VALIDATE_PRODUCT = YES;
			};
			name = Release;
		};
		7E6175972B2855B60025B624 /* Debug */ = {
			isa = XCBuildConfiguration;
			buildSettings = {
				ASSETCATALOG_COMPILER_APPICON_NAME = AppIcon;
				ASSETCATALOG_COMPILER_GLOBAL_ACCENT_COLOR_NAME = AccentColor;
				CODE_SIGN_STYLE = Automatic;
				CURRENT_PROJECT_VERSION = 1;
				DEVELOPMENT_ASSET_PATHS = "\"Todolist/Preview Content\"";
				DEVELOPMENT_TEAM = W23XG48ZX7;
				ENABLE_PREVIEWS = YES;
				GENERATE_INFOPLIST_FILE = YES;
				INFOPLIST_KEY_UIApplicationSceneManifest_Generation = YES;
				INFOPLIST_KEY_UIApplicationSupportsIndirectInputEvents = YES;
				INFOPLIST_KEY_UILaunchScreen_Generation = YES;
				INFOPLIST_KEY_UISupportedInterfaceOrientations_iPad = "UIInterfaceOrientationPortrait UIInterfaceOrientationPortraitUpsideDown UIInterfaceOrientationLandscapeLeft UIInterfaceOrientationLandscapeRight";
				INFOPLIST_KEY_UISupportedInterfaceOrientations_iPhone = "UIInterfaceOrientationPortrait UIInterfaceOrientationLandscapeLeft UIInterfaceOrientationLandscapeRight";
				LD_RUNPATH_SEARCH_PATHS = (
					"$(inherited)",
					"@executable_path/Frameworks",
				);
				MARKETING_VERSION = 1.0;
				PRODUCT_BUNDLE_IDENTIFIER = fr.serkox.Todolist;
				PRODUCT_NAME = "$(TARGET_NAME)";
				SWIFT_EMIT_LOC_STRINGS = YES;
				SWIFT_VERSION = 5.0;
				TARGETED_DEVICE_FAMILY = "1,2";
			};
			name = Debug;
		};
		7E6175982B2855B60025B624 /* Release */ = {
			isa = XCBuildConfiguration;
			buildSettings = {
				ASSETCATALOG_COMPILER_APPICON_NAME = AppIcon;
				ASSETCATALOG_COMPILER_GLOBAL_ACCENT_COLOR_NAME = AccentColor;
				CODE_SIGN_STYLE = Automatic;
				CURRENT_PROJECT_VERSION = 1;
				DEVELOPMENT_ASSET_PATHS = "\"Todolist/Preview Content\"";
				DEVELOPMENT_TEAM = W23XG48ZX7;
				ENABLE_PREVIEWS = YES;
				GENERATE_INFOPLIST_FILE = YES;
				INFOPLIST_KEY_UIApplicationSceneManifest_Generation = YES;
				INFOPLIST_KEY_UIApplicationSupportsIndirectInputEvents = YES;
				INFOPLIST_KEY_UILaunchScreen_Generation = YES;
				INFOPLIST_KEY_UISupportedInterfaceOrientations_iPad = "UIInterfaceOrientationPortrait UIInterfaceOrientationPortraitUpsideDown UIInterfaceOrientationLandscapeLeft UIInterfaceOrientationLandscapeRight";
				INFOPLIST_KEY_UISupportedInterfaceOrientations_iPhone = "UIInterfaceOrientationPortrait UIInterfaceOrientationLandscapeLeft UIInterfaceOrientationLandscapeRight";
				LD_RUNPATH_SEARCH_PATHS = (
					"$(inherited)",
					"@executable_path/Frameworks",
				);
				MARKETING_VERSION = 1.0;
				PRODUCT_BUNDLE_IDENTIFIER = fr.serkox.Todolist;
				PRODUCT_NAME = "$(TARGET_NAME)";
				SWIFT_EMIT_LOC_STRINGS = YES;
				SWIFT_VERSION = 5.0;
				TARGETED_DEVICE_FAMILY = "1,2";
			};
			name = Release;
		};
/* End XCBuildConfiguration section */

/* Begin XCConfigurationList section */
		7E6175832B2855B40025B624 /* Build configuration list for PBXProject "Todolist" */ = {
			isa = XCConfigurationList;
			buildConfigurations = (
				7E6175942B2855B60025B624 /* Debug */,
				7E6175952B2855B60025B624 /* Release */,
			);
			defaultConfigurationIsVisible = 0;
			defaultConfigurationName = Release;
		};
		7E6175962B2855B60025B624 /* Build configuration list for PBXNativeTarget "Todolist" */ = {
			isa = XCConfigurationList;
			buildConfigurations = (
				7E6175972B2855B60025B624 /* Debug */,
				7E6175982B2855B60025B624 /* Release */,
			);
			defaultConfigurationIsVisible = 0;
			defaultConfigurationName = Release;
		};
/* End XCConfigurationList section */

/* Begin XCRemoteSwiftPackageReference section */
		7E61759D2B2868220025B624 /* XCRemoteSwiftPackageReference "firebase-ios-sdk" */ = {
			isa = XCRemoteSwiftPackageReference;
			repositoryURL = "https://github.com/firebase/firebase-ios-sdk";
			requirement = {
				kind = upToNextMajorVersion;
				minimumVersion = 10.0.0;
			};
		};
		7E6175B42B28A94E0025B624 /* XCRemoteSwiftPackageReference "AlertToast" */ = {
			isa = XCRemoteSwiftPackageReference;
			repositoryURL = "https://github.com/elai950/AlertToast.git";
			requirement = {
				branch = master;
				kind = branch;
			};
		};
/* End XCRemoteSwiftPackageReference section */

/* Begin XCSwiftPackageProductDependency section */
		7E61759E2B2868220025B624 /* FirebaseAuth */ = {
			isa = XCSwiftPackageProductDependency;
			package = 7E61759D2B2868220025B624 /* XCRemoteSwiftPackageReference "firebase-ios-sdk" */;
			productName = FirebaseAuth;
		};
		7E6175A02B2868220025B624 /* FirebaseAuthCombine-Community */ = {
			isa = XCSwiftPackageProductDependency;
			package = 7E61759D2B2868220025B624 /* XCRemoteSwiftPackageReference "firebase-ios-sdk" */;
			productName = "FirebaseAuthCombine-Community";
		};
		7E6175A22B2868220025B624 /* FirebaseFirestore */ = {
			isa = XCSwiftPackageProductDependency;
			package = 7E61759D2B2868220025B624 /* XCRemoteSwiftPackageReference "firebase-ios-sdk" */;
			productName = FirebaseFirestore;
		};
		7E6175A42B2868220025B624 /* FirebaseFirestoreCombine-Community */ = {
			isa = XCSwiftPackageProductDependency;
			package = 7E61759D2B2868220025B624 /* XCRemoteSwiftPackageReference "firebase-ios-sdk" */;
			productName = "FirebaseFirestoreCombine-Community";
		};
		7E6175A62B2868220025B624 /* FirebaseFirestoreSwift */ = {
			isa = XCSwiftPackageProductDependency;
			package = 7E61759D2B2868220025B624 /* XCRemoteSwiftPackageReference "firebase-ios-sdk" */;
			productName = FirebaseFirestoreSwift;
		};
		7E6175B52B28A94E0025B624 /* AlertToast */ = {
			isa = XCSwiftPackageProductDependency;
			package = 7E6175B42B28A94E0025B624 /* XCRemoteSwiftPackageReference "AlertToast" */;
			productName = AlertToast;
		};
/* End XCSwiftPackageProductDependency section */
	};
	rootObject = 7E6175802B2855B40025B624 /* Project object */;
}
